{
  "nodes": {
    "nixpkgs": {
      "locked": {
        "lastModified": 1711703276,
        "narHash": "sha256-iMUFArF0WCatKK6RzfUJknjem0H9m4KgorO/p3Dopkk=",
        "owner": "NixOS",
        "repo": "nixpkgs",
        "rev": "d8fe5e6c92d0d190646fb9f1056741a229980089",
        "type": "github"
      },
      "original": {
        "owner": "NixOS",
        "ref": "nixos-unstable",
        "repo": "nixpkgs",
        "type": "github"
      }
    },
    "openwrt-imagebuilder": {
      "inputs": {
        "nixpkgs": [
          "nixpkgs"
        ]
      },
      "locked": {
        "lastModified": 1711966629,
        "narHash": "sha256-5uD7Hsu+2m+G53QO5rAjbdNiopR8ZWvfhc2asyUT8M4=",
        "owner": "astro",
        "repo": "nix-openwrt-imagebuilder",
        "rev": "8bc4e26c4dc987b615b770049e2152a991221886",
        "type": "github"
      },
      "original": {
        "owner": "astro",
        "repo": "nix-openwrt-imagebuilder",
        "type": "github"
      }
    },
    "root": {
      "inputs": {
        "nixpkgs": "nixpkgs",
        "openwrt-imagebuilder": "openwrt-imagebuilder"
      }
    }
  },
  "root": "root",
  "version": 7
}
